PODS:
  - Flutter (1.0.0)
  - flutter_local_notifications (0.0.1):
    - Flutter
  - health_kit_reporter (2.1.0):
    - Flutter

DEPENDENCIES:
  - Flutter (from `Flutter`)
  - flutter_local_notifications (from `.symlinks/plugins/flutter_local_notifications/ios`)
  - health_kit_reporter (from `.symlinks/plugins/health_kit_reporter/ios`)

EXTERNAL SOURCES:
  Flutter:
    :path: Flutter
  flutter_local_notifications:
    :path: ".symlinks/plugins/flutter_local_notifications/ios"
  health_kit_reporter:
    :path: ".symlinks/plugins/health_kit_reporter/ios"

SPEC CHECKSUMS:
  Flutter: e0871f40cf51350855a761d2e70bf5af5b9b5de7
  flutter_local_notifications: 0c0b1ae97e741e1521e4c1629a459d04b9aec743
  health_kit_reporter: d033c894b5625f494ddaa556e1e11964ef324824

PODFILE CHECKSUM: ae273562e2241d2b1bd4b6d2d349a48b8fe1a2a7

COCOAPODS: 1.15.2
